
Microsoft Visual Studio Solution File, Format Version 12.00
# Visual Studio Version 16
VisualStudioVersion = 16.0.30907.101
MinimumVisualStudioVersion = 10.0.40219.1
Project("{FAE04EC0-301F-11D3-BF4B-00C04F79EFBC}") = "Codificar_Expressao", "Codificar_Expressao.csproj", "{EA756B0A-7A71-4158-AAEB-6FC464C77851}"
EndProject
Global
	GlobalSection(SolutionConfigurationPlatforms) = preSolution
		Debug|Any CPU = Debug|Any CPU
		Release|Any CPU = Release|Any CPU
	EndGlobalSection
	GlobalSection(ProjectConfigurationPlatforms) = postSolution
		{EA756B0A-7A71-4158-AAEB-6FC464C77851}.Debug|Any CPU.ActiveCfg = Debug|Any CPU
		{EA756B0A-7A71-4158-AAEB-6FC464C77851}.Debug|Any CPU.Build.0 = Debug|Any CPU
		{EA756B0A-7A71-4158-AAEB-6FC464C77851}.Release|Any CPU.ActiveCfg = Release|Any CPU
		{EA756B0A-7A71-4158-AAEB-6FC464C77851}.Release|Any CPU.Build.0 = Release|Any CPU
	EndGlobalSection
	GlobalSection(SolutionProperties) = preSolution
		HideSolutionNode = FALSE
	EndGlobalSection
	GlobalSection(ExtensibilityGlobals) = postSolution
		SolutionGuid = {B55F1985-073F-408D-B0EF-80A549243F95}
	EndGlobalSection
EndGlobal
