
Microsoft Visual Studio Solution File, Format Version 12.00
# Visual Studio Version 16
VisualStudioVersion = 16.0.30907.101
MinimumVisualStudioVersion = 10.0.40219.1
Project("{FAE04EC0-301F-11D3-BF4B-00C04F79EFBC}") = "Imprimir_Quadrado_15_a_100", "Imprimir_Quadrado_15_a_100.csproj", "{CF19CECA-A7F9-4202-A00E-09C62BC4DE5B}"
EndProject
Global
	GlobalSection(SolutionConfigurationPlatforms) = preSolution
		Debug|Any CPU = Debug|Any CPU
		Release|Any CPU = Release|Any CPU
	EndGlobalSection
	GlobalSection(ProjectConfigurationPlatforms) = postSolution
		{CF19CECA-A7F9-4202-A00E-09C62BC4DE5B}.Debug|Any CPU.ActiveCfg = Debug|Any CPU
		{CF19CECA-A7F9-4202-A00E-09C62BC4DE5B}.Debug|Any CPU.Build.0 = Debug|Any CPU
		{CF19CECA-A7F9-4202-A00E-09C62BC4DE5B}.Release|Any CPU.ActiveCfg = Release|Any CPU
		{CF19CECA-A7F9-4202-A00E-09C62BC4DE5B}.Release|Any CPU.Build.0 = Release|Any CPU
	EndGlobalSection
	GlobalSection(SolutionProperties) = preSolution
		HideSolutionNode = FALSE
	EndGlobalSection
	GlobalSection(ExtensibilityGlobals) = postSolution
		SolutionGuid = {CF84E2EF-756F-49ED-98BF-2C5F4C60054F}
	EndGlobalSection
EndGlobal
