
Microsoft Visual Studio Solution File, Format Version 12.00
# Visual Studio Version 16
VisualStudioVersion = 16.0.30907.101
MinimumVisualStudioVersion = 10.0.40219.1
Project("{FAE04EC0-301F-11D3-BF4B-00C04F79EFBC}") = "Area_Triangulo", "Area_Triangulo.csproj", "{805EE65F-0C55-40DD-BD1C-D026C07AE3E5}"
EndProject
Global
	GlobalSection(SolutionConfigurationPlatforms) = preSolution
		Debug|Any CPU = Debug|Any CPU
		Release|Any CPU = Release|Any CPU
	EndGlobalSection
	GlobalSection(ProjectConfigurationPlatforms) = postSolution
		{805EE65F-0C55-40DD-BD1C-D026C07AE3E5}.Debug|Any CPU.ActiveCfg = Debug|Any CPU
		{805EE65F-0C55-40DD-BD1C-D026C07AE3E5}.Debug|Any CPU.Build.0 = Debug|Any CPU
		{805EE65F-0C55-40DD-BD1C-D026C07AE3E5}.Release|Any CPU.ActiveCfg = Release|Any CPU
		{805EE65F-0C55-40DD-BD1C-D026C07AE3E5}.Release|Any CPU.Build.0 = Release|Any CPU
	EndGlobalSection
	GlobalSection(SolutionProperties) = preSolution
		HideSolutionNode = FALSE
	EndGlobalSection
	GlobalSection(ExtensibilityGlobals) = postSolution
		SolutionGuid = {ADB4A942-BEBD-4429-9BED-C6893968F34D}
	EndGlobalSection
EndGlobal
