
Microsoft Visual Studio Solution File, Format Version 12.00
# Visual Studio Version 16
VisualStudioVersion = 16.0.30907.101
MinimumVisualStudioVersion = 10.0.40219.1
Project("{FAE04EC0-301F-11D3-BF4B-00C04F79EFBC}") = "Descobrir_Animal", "Descobrir_Animal.csproj", "{EEADAEA2-A076-4FF0-AAE4-172DCB60C93A}"
EndProject
Global
	GlobalSection(SolutionConfigurationPlatforms) = preSolution
		Debug|Any CPU = Debug|Any CPU
		Release|Any CPU = Release|Any CPU
	EndGlobalSection
	GlobalSection(ProjectConfigurationPlatforms) = postSolution
		{EEADAEA2-A076-4FF0-AAE4-172DCB60C93A}.Debug|Any CPU.ActiveCfg = Debug|Any CPU
		{EEADAEA2-A076-4FF0-AAE4-172DCB60C93A}.Debug|Any CPU.Build.0 = Debug|Any CPU
		{EEADAEA2-A076-4FF0-AAE4-172DCB60C93A}.Release|Any CPU.ActiveCfg = Release|Any CPU
		{EEADAEA2-A076-4FF0-AAE4-172DCB60C93A}.Release|Any CPU.Build.0 = Release|Any CPU
	EndGlobalSection
	GlobalSection(SolutionProperties) = preSolution
		HideSolutionNode = FALSE
	EndGlobalSection
	GlobalSection(ExtensibilityGlobals) = postSolution
		SolutionGuid = {1F2E9AEF-6D11-454C-B6F7-FF1F8652BAE4}
	EndGlobalSection
EndGlobal
