
Microsoft Visual Studio Solution File, Format Version 12.00
# Visual Studio Version 16
VisualStudioVersion = 16.0.30907.101
MinimumVisualStudioVersion = 10.0.40219.1
Project("{FAE04EC0-301F-11D3-BF4B-00C04F79EFBC}") = "Altura_Sexo_Peso_Ideal", "Altura_Sexo_Peso_Ideal.csproj", "{CA689DA4-524A-4BB9-81BB-FB0CCF1D257D}"
EndProject
Global
	GlobalSection(SolutionConfigurationPlatforms) = preSolution
		Debug|Any CPU = Debug|Any CPU
		Release|Any CPU = Release|Any CPU
	EndGlobalSection
	GlobalSection(ProjectConfigurationPlatforms) = postSolution
		{CA689DA4-524A-4BB9-81BB-FB0CCF1D257D}.Debug|Any CPU.ActiveCfg = Debug|Any CPU
		{CA689DA4-524A-4BB9-81BB-FB0CCF1D257D}.Debug|Any CPU.Build.0 = Debug|Any CPU
		{CA689DA4-524A-4BB9-81BB-FB0CCF1D257D}.Release|Any CPU.ActiveCfg = Release|Any CPU
		{CA689DA4-524A-4BB9-81BB-FB0CCF1D257D}.Release|Any CPU.Build.0 = Release|Any CPU
	EndGlobalSection
	GlobalSection(SolutionProperties) = preSolution
		HideSolutionNode = FALSE
	EndGlobalSection
	GlobalSection(ExtensibilityGlobals) = postSolution
		SolutionGuid = {EC6D98C4-BBED-47C8-AFE6-B4A7D7319547}
	EndGlobalSection
EndGlobal
