
Microsoft Visual Studio Solution File, Format Version 12.00
# Visual Studio Version 16
VisualStudioVersion = 16.0.30907.101
MinimumVisualStudioVersion = 10.0.40219.1
Project("{FAE04EC0-301F-11D3-BF4B-00C04F79EFBC}") = "Nome_Idade", "Nome_Idade.csproj", "{517897B8-2B6D-48DA-96F6-3E0928CEE196}"
EndProject
Global
	GlobalSection(SolutionConfigurationPlatforms) = preSolution
		Debug|Any CPU = Debug|Any CPU
		Release|Any CPU = Release|Any CPU
	EndGlobalSection
	GlobalSection(ProjectConfigurationPlatforms) = postSolution
		{517897B8-2B6D-48DA-96F6-3E0928CEE196}.Debug|Any CPU.ActiveCfg = Debug|Any CPU
		{517897B8-2B6D-48DA-96F6-3E0928CEE196}.Debug|Any CPU.Build.0 = Debug|Any CPU
		{517897B8-2B6D-48DA-96F6-3E0928CEE196}.Release|Any CPU.ActiveCfg = Release|Any CPU
		{517897B8-2B6D-48DA-96F6-3E0928CEE196}.Release|Any CPU.Build.0 = Release|Any CPU
	EndGlobalSection
	GlobalSection(SolutionProperties) = preSolution
		HideSolutionNode = FALSE
	EndGlobalSection
	GlobalSection(ExtensibilityGlobals) = postSolution
		SolutionGuid = {C966F479-9DC1-4084-AF14-AEE75B090C49}
	EndGlobalSection
EndGlobal
