
Microsoft Visual Studio Solution File, Format Version 12.00
# Visual Studio Version 16
VisualStudioVersion = 16.0.30907.101
MinimumVisualStudioVersion = 10.0.40219.1
Project("{FAE04EC0-301F-11D3-BF4B-00C04F79EFBC}") = "Metade_Intervalo", "Metade_Intervalo.csproj", "{60041F58-5A8B-48EE-A772-70BF2238B38F}"
EndProject
Global
	GlobalSection(SolutionConfigurationPlatforms) = preSolution
		Debug|Any CPU = Debug|Any CPU
		Release|Any CPU = Release|Any CPU
	EndGlobalSection
	GlobalSection(ProjectConfigurationPlatforms) = postSolution
		{60041F58-5A8B-48EE-A772-70BF2238B38F}.Debug|Any CPU.ActiveCfg = Debug|Any CPU
		{60041F58-5A8B-48EE-A772-70BF2238B38F}.Debug|Any CPU.Build.0 = Debug|Any CPU
		{60041F58-5A8B-48EE-A772-70BF2238B38F}.Release|Any CPU.ActiveCfg = Release|Any CPU
		{60041F58-5A8B-48EE-A772-70BF2238B38F}.Release|Any CPU.Build.0 = Release|Any CPU
	EndGlobalSection
	GlobalSection(SolutionProperties) = preSolution
		HideSolutionNode = FALSE
	EndGlobalSection
	GlobalSection(ExtensibilityGlobals) = postSolution
		SolutionGuid = {1495ABA4-B111-49FD-8BC5-AD6F1B58B030}
	EndGlobalSection
EndGlobal
