
Microsoft Visual Studio Solution File, Format Version 12.00
# Visual Studio Version 16
VisualStudioVersion = 16.0.30907.101
MinimumVisualStudioVersion = 10.0.40219.1
Project("{FAE04EC0-301F-11D3-BF4B-00C04F79EFBC}") = "Imprimir_Crescente", "Imprimir_Crescente.csproj", "{688B4C0F-1B11-4CA2-ACEC-F99842794C2B}"
EndProject
Global
	GlobalSection(SolutionConfigurationPlatforms) = preSolution
		Debug|Any CPU = Debug|Any CPU
		Release|Any CPU = Release|Any CPU
	EndGlobalSection
	GlobalSection(ProjectConfigurationPlatforms) = postSolution
		{688B4C0F-1B11-4CA2-ACEC-F99842794C2B}.Debug|Any CPU.ActiveCfg = Debug|Any CPU
		{688B4C0F-1B11-4CA2-ACEC-F99842794C2B}.Debug|Any CPU.Build.0 = Debug|Any CPU
		{688B4C0F-1B11-4CA2-ACEC-F99842794C2B}.Release|Any CPU.ActiveCfg = Release|Any CPU
		{688B4C0F-1B11-4CA2-ACEC-F99842794C2B}.Release|Any CPU.Build.0 = Release|Any CPU
	EndGlobalSection
	GlobalSection(SolutionProperties) = preSolution
		HideSolutionNode = FALSE
	EndGlobalSection
	GlobalSection(ExtensibilityGlobals) = postSolution
		SolutionGuid = {3FCD1401-8E6D-4863-9DE1-A4B9D709B9B7}
	EndGlobalSection
EndGlobal
