
Microsoft Visual Studio Solution File, Format Version 12.00
# Visual Studio Version 16
VisualStudioVersion = 16.0.30907.101
MinimumVisualStudioVersion = 10.0.40219.1
Project("{FAE04EC0-301F-11D3-BF4B-00C04F79EFBC}") = "Calcular_Conjunto_Indeterminado", "Calcular_Conjunto_Indeterminado.csproj", "{D4DE29EF-A25A-431D-81E2-7CCB7BA49AEC}"
EndProject
Global
	GlobalSection(SolutionConfigurationPlatforms) = preSolution
		Debug|Any CPU = Debug|Any CPU
		Release|Any CPU = Release|Any CPU
	EndGlobalSection
	GlobalSection(ProjectConfigurationPlatforms) = postSolution
		{D4DE29EF-A25A-431D-81E2-7CCB7BA49AEC}.Debug|Any CPU.ActiveCfg = Debug|Any CPU
		{D4DE29EF-A25A-431D-81E2-7CCB7BA49AEC}.Debug|Any CPU.Build.0 = Debug|Any CPU
		{D4DE29EF-A25A-431D-81E2-7CCB7BA49AEC}.Release|Any CPU.ActiveCfg = Release|Any CPU
		{D4DE29EF-A25A-431D-81E2-7CCB7BA49AEC}.Release|Any CPU.Build.0 = Release|Any CPU
	EndGlobalSection
	GlobalSection(SolutionProperties) = preSolution
		HideSolutionNode = FALSE
	EndGlobalSection
	GlobalSection(ExtensibilityGlobals) = postSolution
		SolutionGuid = {62D0EFE1-0417-44A6-B336-37C9A702C490}
	EndGlobalSection
EndGlobal
