
Microsoft Visual Studio Solution File, Format Version 12.00
# Visual Studio Version 16
VisualStudioVersion = 16.0.30907.101
MinimumVisualStudioVersion = 10.0.40219.1
Project("{FAE04EC0-301F-11D3-BF4B-00C04F79EFBC}") = "Calcular_Idade", "Calcular_Idade.csproj", "{D7C09368-673B-42CB-B67D-D7B21A9E1A90}"
EndProject
Global
	GlobalSection(SolutionConfigurationPlatforms) = preSolution
		Debug|Any CPU = Debug|Any CPU
		Release|Any CPU = Release|Any CPU
	EndGlobalSection
	GlobalSection(ProjectConfigurationPlatforms) = postSolution
		{D7C09368-673B-42CB-B67D-D7B21A9E1A90}.Debug|Any CPU.ActiveCfg = Debug|Any CPU
		{D7C09368-673B-42CB-B67D-D7B21A9E1A90}.Debug|Any CPU.Build.0 = Debug|Any CPU
		{D7C09368-673B-42CB-B67D-D7B21A9E1A90}.Release|Any CPU.ActiveCfg = Release|Any CPU
		{D7C09368-673B-42CB-B67D-D7B21A9E1A90}.Release|Any CPU.Build.0 = Release|Any CPU
	EndGlobalSection
	GlobalSection(SolutionProperties) = preSolution
		HideSolutionNode = FALSE
	EndGlobalSection
	GlobalSection(ExtensibilityGlobals) = postSolution
		SolutionGuid = {4F8E26C2-53F2-416F-A46B-C380170ABF5C}
	EndGlobalSection
EndGlobal
