
Microsoft Visual Studio Solution File, Format Version 12.00
# Visual Studio Version 16
VisualStudioVersion = 16.0.30907.101
MinimumVisualStudioVersion = 10.0.40219.1
Project("{FAE04EC0-301F-11D3-BF4B-00C04F79EFBC}") = "Urna_eletroniaca", "Urna_eletroniaca.csproj", "{96901C81-1E69-4F71-A475-C2F4E830BCC1}"
EndProject
Global
	GlobalSection(SolutionConfigurationPlatforms) = preSolution
		Debug|Any CPU = Debug|Any CPU
		Release|Any CPU = Release|Any CPU
	EndGlobalSection
	GlobalSection(ProjectConfigurationPlatforms) = postSolution
		{96901C81-1E69-4F71-A475-C2F4E830BCC1}.Debug|Any CPU.ActiveCfg = Debug|Any CPU
		{96901C81-1E69-4F71-A475-C2F4E830BCC1}.Debug|Any CPU.Build.0 = Debug|Any CPU
		{96901C81-1E69-4F71-A475-C2F4E830BCC1}.Release|Any CPU.ActiveCfg = Release|Any CPU
		{96901C81-1E69-4F71-A475-C2F4E830BCC1}.Release|Any CPU.Build.0 = Release|Any CPU
	EndGlobalSection
	GlobalSection(SolutionProperties) = preSolution
		HideSolutionNode = FALSE
	EndGlobalSection
	GlobalSection(ExtensibilityGlobals) = postSolution
		SolutionGuid = {2B47059B-9AA9-4F40-9677-584CD01C9F26}
	EndGlobalSection
EndGlobal
