
Microsoft Visual Studio Solution File, Format Version 12.00
# Visual Studio Version 16
VisualStudioVersion = 16.0.30907.101
MinimumVisualStudioVersion = 10.0.40219.1
Project("{FAE04EC0-301F-11D3-BF4B-00C04F79EFBC}") = "Calcular_Diferenca_Maior_Menor", "Calcular_Diferenca_Maior_Menor.csproj", "{B0B132A7-6E24-4BA6-9D6A-0582B2E5E8E1}"
EndProject
Global
	GlobalSection(SolutionConfigurationPlatforms) = preSolution
		Debug|Any CPU = Debug|Any CPU
		Release|Any CPU = Release|Any CPU
	EndGlobalSection
	GlobalSection(ProjectConfigurationPlatforms) = postSolution
		{B0B132A7-6E24-4BA6-9D6A-0582B2E5E8E1}.Debug|Any CPU.ActiveCfg = Debug|Any CPU
		{B0B132A7-6E24-4BA6-9D6A-0582B2E5E8E1}.Debug|Any CPU.Build.0 = Debug|Any CPU
		{B0B132A7-6E24-4BA6-9D6A-0582B2E5E8E1}.Release|Any CPU.ActiveCfg = Release|Any CPU
		{B0B132A7-6E24-4BA6-9D6A-0582B2E5E8E1}.Release|Any CPU.Build.0 = Release|Any CPU
	EndGlobalSection
	GlobalSection(SolutionProperties) = preSolution
		HideSolutionNode = FALSE
	EndGlobalSection
	GlobalSection(ExtensibilityGlobals) = postSolution
		SolutionGuid = {4D99E8D4-D039-4083-9F61-9F234D225DD9}
	EndGlobalSection
EndGlobal
